
Microsoft Visual Studio Solution File, Format Version 12.00
# Visual Studio 2012
Project("{FAE04EC0-301F-11D3-BF4B-00C04F79EFBC}") = "DISamples.DI.Web", "DISamples.DI.Web\DISamples.DI.Web.csproj", "{375E13BC-0F94-4AD8-9F22-2A047DCC4726}"
EndProject
Project("{FAE04EC0-301F-11D3-BF4B-00C04F79EFBC}") = "DISamples.DI.DAL", "DISamples.DI.DAL\DISamples.DI.DAL.csproj", "{80FDA948-9A7D-41DB-95E0-6AE845579571}"
EndProject
Project("{FAE04EC0-301F-11D3-BF4B-00C04F79EFBC}") = "DISamples.DI.DAL.LINQ", "DISamples.DI.DAL.LINQ\DISamples.DI.DAL.LINQ.csproj", "{39763093-C93F-4AF4-8929-AA5586E0C3C6}"
EndProject
Global
	GlobalSection(SolutionConfigurationPlatforms) = preSolution
		Debug|Any CPU = Debug|Any CPU
		Release|Any CPU = Release|Any CPU
	EndGlobalSection
	GlobalSection(ProjectConfigurationPlatforms) = postSolution
		{375E13BC-0F94-4AD8-9F22-2A047DCC4726}.Debug|Any CPU.ActiveCfg = Debug|Any CPU
		{375E13BC-0F94-4AD8-9F22-2A047DCC4726}.Debug|Any CPU.Build.0 = Debug|Any CPU
		{375E13BC-0F94-4AD8-9F22-2A047DCC4726}.Release|Any CPU.ActiveCfg = Release|Any CPU
		{375E13BC-0F94-4AD8-9F22-2A047DCC4726}.Release|Any CPU.Build.0 = Release|Any CPU
		{39763093-C93F-4AF4-8929-AA5586E0C3C6}.Debug|Any CPU.ActiveCfg = Debug|Any CPU
		{39763093-C93F-4AF4-8929-AA5586E0C3C6}.Debug|Any CPU.Build.0 = Debug|Any CPU
		{39763093-C93F-4AF4-8929-AA5586E0C3C6}.Release|Any CPU.ActiveCfg = Release|Any CPU
		{39763093-C93F-4AF4-8929-AA5586E0C3C6}.Release|Any CPU.Build.0 = Release|Any CPU
		{80FDA948-9A7D-41DB-95E0-6AE845579571}.Debug|Any CPU.ActiveCfg = Debug|Any CPU
		{80FDA948-9A7D-41DB-95E0-6AE845579571}.Debug|Any CPU.Build.0 = Debug|Any CPU
		{80FDA948-9A7D-41DB-95E0-6AE845579571}.Release|Any CPU.ActiveCfg = Release|Any CPU
		{80FDA948-9A7D-41DB-95E0-6AE845579571}.Release|Any CPU.Build.0 = Release|Any CPU
	EndGlobalSection
	GlobalSection(SolutionProperties) = preSolution
		HideSolutionNode = FALSE
	EndGlobalSection
EndGlobal
